
Microsoft Visual Studio Solution File, Format Version 12.00
# Visual Studio 15
Project("{FAE04EC0-301F-11D3-BF4B-00C04F79EFBC}") = "Assembly-CSharp", "Assembly-CSharp.csproj", "{B374A464-CFD0-CF95-FB02-8E8F7C6A188C}"
EndProject
Project("{FAE04EC0-301F-11D3-BF4B-00C04F79EFBC}") = "Assembly-CSharp-firstpass", "Assembly-CSharp-firstpass.csproj", "{BE7A4ECE-CD9E-ED9B-3AB7-42DAC2871B2E}"
EndProject
Global
	GlobalSection(SolutionConfigurationPlatforms) = preSolution
		Debug|Any CPU = Debug|Any CPU
		Release|Any CPU = Release|Any CPU
	EndGlobalSection
	GlobalSection(ProjectConfigurationPlatforms) = postSolution
		{B374A464-CFD0-CF95-FB02-8E8F7C6A188C}.Debug|Any CPU.ActiveCfg = Debug|Any CPU
		{B374A464-CFD0-CF95-FB02-8E8F7C6A188C}.Debug|Any CPU.Build.0 = Debug|Any CPU
		{B374A464-CFD0-CF95-FB02-8E8F7C6A188C}.Release|Any CPU.ActiveCfg = Release|Any CPU
		{B374A464-CFD0-CF95-FB02-8E8F7C6A188C}.Release|Any CPU.Build.0 = Release|Any CPU
		{BE7A4ECE-CD9E-ED9B-3AB7-42DAC2871B2E}.Debug|Any CPU.ActiveCfg = Debug|Any CPU
		{BE7A4ECE-CD9E-ED9B-3AB7-42DAC2871B2E}.Debug|Any CPU.Build.0 = Debug|Any CPU
		{BE7A4ECE-CD9E-ED9B-3AB7-42DAC2871B2E}.Release|Any CPU.ActiveCfg = Release|Any CPU
		{BE7A4ECE-CD9E-ED9B-3AB7-42DAC2871B2E}.Release|Any CPU.Build.0 = Release|Any CPU
	EndGlobalSection
	GlobalSection(SolutionProperties) = preSolution
		HideSolutionNode = FALSE
	EndGlobalSection
EndGlobal
